<?xml version="1.0" encoding="utf-8"?>
<Project ToolsVersion="4.0" xmlns="http://schemas.microsoft.com/developer/msbuild/2003">
  <ItemGroup>
    <Filter Include="ソース ファイル">
      <UniqueIdentifier>{4FC737F1-C7A5-4376-A066-2A32D752A2FF}</UniqueIdentifier>
      <Extensions>cpp;c;cc;cxx;c++;cppm;ixx;def;odl;idl;hpj;bat;asm;asmx</Extensions>
    </Filter>
    <Filter Include="ヘッダー ファイル">
      <UniqueIdentifier>{93995380-89BD-4b04-88EB-625FBE52EBFB}</UniqueIdentifier>
      <Extensions>h;hh;hpp;hxx;h++;hm;inl;inc;ipp;xsd</Extensions>
    </Filter>
    <Filter Include="リソース ファイル">
      <UniqueIdentifier>{67DA6AB6-F800-4c08-8B7A-83BB121AAD01}</UniqueIdentifier>
      <Extensions>rc;ico;cur;bmp;dlg;rc2;rct;bin;rgs;gif;jpg;jpeg;jpe;resx;tiff;tif;png;wav;mfcribbon-ms</Extensions>
    </Filter>
    <Filter Include="ヘッダー ファイル\independent">
      <UniqueIdentifier>{3c432427-5fe9-4aa8-b858-962e0f1c7671}</UniqueIdentifier>
    </Filter>
    <Filter Include="ヘッダー ファイル\independent\Interface">
      <UniqueIdentifier>{90e0493d-ea65-4e06-b4f8-da47503fb67c}</UniqueIdentifier>
    </Filter>
    <Filter Include="リソース ファイル\object">
      <UniqueIdentifier>{0f599d5c-4ba5-49b9-9f7a-5df248fd8d51}</UniqueIdentifier>
    </Filter>
    <Filter Include="リソース ファイル\scene">
      <UniqueIdentifier>{cc9dfcf0-7406-430b-8010-9de438f25d2b}</UniqueIdentifier>
    </Filter>
    <Filter Include="ヘッダー ファイル\directX">
      <UniqueIdentifier>{d24e1c40-035e-421c-8ed2-8496f5c1e99b}</UniqueIdentifier>
    </Filter>
    <Filter Include="ソース ファイル\directX">
      <UniqueIdentifier>{22830ef3-adcd-4f85-ad5a-a3a504963720}</UniqueIdentifier>
    </Filter>
    <Filter Include="ヘッダー ファイル\utility">
      <UniqueIdentifier>{99573f3c-5da6-4719-a2a4-62be3ab0507d}</UniqueIdentifier>
    </Filter>
    <Filter Include="ソース ファイル\directX\directX11">
      <UniqueIdentifier>{48898970-ba15-4968-89b2-00ec75c92394}</UniqueIdentifier>
    </Filter>
    <Filter Include="ヘッダー ファイル\directX\directX11">
      <UniqueIdentifier>{b53f344f-3def-40ca-81a7-db0e69b89e26}</UniqueIdentifier>
    </Filter>
  </ItemGroup>
  <ItemGroup>
    <ClCompile Include="main.cpp">
      <Filter>ソース ファイル</Filter>
    </ClCompile>
    <ClCompile Include="Snct_Application.cpp">
      <Filter>ソース ファイル</Filter>
    </ClCompile>
    <ClCompile Include="Snct_DXRender.cpp">
      <Filter>ソース ファイル\directX</Filter>
    </ClCompile>
    <ClCompile Include="Snct_DX11Render.cpp">
      <Filter>ソース ファイル\directX\directX11</Filter>
    </ClCompile>
  </ItemGroup>
  <ItemGroup>
    <ClInclude Include="main.h">
      <Filter>ソース ファイル</Filter>
    </ClInclude>
    <ClInclude Include="Snct_Application.h">
      <Filter>ヘッダー ファイル</Filter>
    </ClInclude>
    <ClInclude Include="Snct_Scene.h">
      <Filter>ヘッダー ファイル\independent\Interface</Filter>
    </ClInclude>
    <ClInclude Include="Snct_Render.h">
      <Filter>ヘッダー ファイル\independent\Interface</Filter>
    </ClInclude>
    <ClInclude Include="Snct_Object.h">
      <Filter>ヘッダー ファイル\independent\Interface</Filter>
    </ClInclude>
    <ClInclude Include="Snct_DXRender.h">
      <Filter>ヘッダー ファイル\directX</Filter>
    </ClInclude>
    <ClInclude Include="Snct_DX11.h">
      <Filter>ヘッダー ファイル\directX\directX11</Filter>
    </ClInclude>
    <ClInclude Include="Snct_DXConstantParameter.h">
      <Filter>ヘッダー ファイル\directX</Filter>
    </ClInclude>
    <ClInclude Include="Snct_Math.h">
      <Filter>ヘッダー ファイル\utility</Filter>
    </ClInclude>
    <ClInclude Include="Snct_Utility.h">
      <Filter>ヘッダー ファイル\utility</Filter>
    </ClInclude>
    <ClInclude Include="Snct_DX11Render.h">
      <Filter>ヘッダー ファイル\directX\directX11</Filter>
    </ClInclude>
  </ItemGroup>
</Project>